{
  "name": "azehagowa",
  "version": "2.5.5",
  "lockfileVersion": 3,
  "requires": true,
  "packages": {
    "": {
      "name": "azehagowa",
      "version": "2.5.5",
      "license": "Apache-2.0",
      "dependencies": {
        "azehagowa": "^2.5.5",
        "s": "^1.0.0"
      }
    },
    "node_modules/azehagowa": {
      "version": "2.5.5",
      "resolved": "https://registry.npmjs.org/azehagowa/-/azehagowa-2.5.5.tgz",
      "integrity": "sha512-Vdd+gQmUbUJ+7HjqWh34sPxlMY/RHCohePCpTnm1UmeqKg0ZZjobSUdfW9aLwVe74/3Ymd0I9iQ3KvDy7HynIQ==",
      "license": "Apache-2.0",
      "dependencies": {
        "s": "^1.0.0"
      }
    },
    "node_modules/s": {
      "version": "1.0.0",
      "license": "Apache-2.0",
      "engines": {
        "node": ">=0.8"
      }
    }
  }
}
