{
  "name": "azehagowa",
  "version": "2.5.5",
  "lockfileVersion": 3,
  "requires": true,
  "packages": {
    "": {
      "name": "azehagowa",
      "version": "2.5.5",
      "license": "Apache-2.0",
      "dependencies": {
        "s": "^1.0.0"
      },
      "devDependencies": {}
    },
    "node_modules/s": {
      "version": "1.0.0",
      "license": "Apache-2.0",
      "engines": {
        "node": ">=0.8"
      }
    }
  }
}
